# This file was autogenerated by Stack.
# You should not edit this file by hand.
# For more information, please see the documentation at:
#   https://docs.haskellstack.org/en/stable/lock_files

packages:
- completed:
    hackage: servant-0.18.1@sha256:d322da8a5033203b3da510fdd41c949f61d25b7a2e3ab707035aef5484bbeb13,5273
    pantry-tree:
      size: 2594
      sha256: 59fe629e1b6e92571e1b54a7028c09abfff655077361bedc0689bcaca30c7240
  original:
    hackage: servant-0.18.1@sha256:d322da8a5033203b3da510fdd41c949f61d25b7a2e3ab707035aef5484bbeb13,5273
- completed:
    hackage: servant-server-0.18.1@sha256:f0824cfa57b23b6b698dbd93e11598c4c5355aaa26121f48c091f6e5f03623fc,5665
    pantry-tree:
      size: 2614
      sha256: afba7a901c86dfe0c65d18470bca144b371cbff13d4fb516247b200fbd62597b
  original:
    hackage: servant-server-0.18.1@sha256:f0824cfa57b23b6b698dbd93e11598c4c5355aaa26121f48c091f6e5f03623fc,5665
snapshots:
- completed:
    size: 543564
    url: https://raw.githubusercontent.com/commercialhaskell/stackage-snapshots/master/nightly/2020/10/30.yaml
    sha256: 190e5d978b5edfd3cc36ceac7c862905776d08ee9ba8967b5d39367870c86cdb
  original: nightly-2020-10-30
